
Microsoft Visual Studio Solution File, Format Version 12.00
# Visual Studio Version 16
VisualStudioVersion = 16.0.30225.117
MinimumVisualStudioVersion = 10.0.40219.1
Project("{FAE04EC0-301F-11D3-BF4B-00C04F79EFBC}") = "Test", "Test\Test.csproj", "{AABC49F2-D2E8-40C9-9C3B-1BF6D512285B}"
EndProject
Project("{FAE04EC0-301F-11D3-BF4B-00C04F79EFBC}") = "RangeProgram", "RangeProgram\RangeProgram.csproj", "{31D20E45-4DF8-40D9-B673-7E2B87098629}"
EndProject
Project("{FAE04EC0-301F-11D3-BF4B-00C04F79EFBC}") = "ArrayListHome", "ArrayListHome\ArrayListHome.csproj", "{DDE61FAC-4F1B-4BB2-B2A9-976AF4B3C81F}"
EndProject
Project("{FAE04EC0-301F-11D3-BF4B-00C04F79EFBC}") = "Csv", "Csv\Csv.csproj", "{1AF71D44-AD06-4C9B-896B-FDEC862EE767}"
EndProject
Project("{FAE04EC0-301F-11D3-BF4B-00C04F79EFBC}") = "ShapesMain", "ShapesMain\ShapesMain.csproj", "{80F036E0-833B-46E8-9914-805B794A131E}"
EndProject
Project("{FAE04EC0-301F-11D3-BF4B-00C04F79EFBC}") = "VectorMain", "VectorMain\VectorMain.csproj", "{E9DBB7B5-B12A-45B2-8778-44B218EE72EA}"
EndProject
Project("{FAE04EC0-301F-11D3-BF4B-00C04F79EFBC}") = "MatrixMain", "MatrixMain\MatrixMain.csproj", "{6E6894A8-0816-47A3-BBAC-92BEE51C6689}"
EndProject
Global
	GlobalSection(SolutionConfigurationPlatforms) = preSolution
		Debug|Any CPU = Debug|Any CPU
		Release|Any CPU = Release|Any CPU
	EndGlobalSection
	GlobalSection(ProjectConfigurationPlatforms) = postSolution
		{AABC49F2-D2E8-40C9-9C3B-1BF6D512285B}.Debug|Any CPU.ActiveCfg = Debug|Any CPU
		{AABC49F2-D2E8-40C9-9C3B-1BF6D512285B}.Debug|Any CPU.Build.0 = Debug|Any CPU
		{AABC49F2-D2E8-40C9-9C3B-1BF6D512285B}.Release|Any CPU.ActiveCfg = Release|Any CPU
		{AABC49F2-D2E8-40C9-9C3B-1BF6D512285B}.Release|Any CPU.Build.0 = Release|Any CPU
		{31D20E45-4DF8-40D9-B673-7E2B87098629}.Debug|Any CPU.ActiveCfg = Debug|Any CPU
		{31D20E45-4DF8-40D9-B673-7E2B87098629}.Debug|Any CPU.Build.0 = Debug|Any CPU
		{31D20E45-4DF8-40D9-B673-7E2B87098629}.Release|Any CPU.ActiveCfg = Release|Any CPU
		{31D20E45-4DF8-40D9-B673-7E2B87098629}.Release|Any CPU.Build.0 = Release|Any CPU
		{DDE61FAC-4F1B-4BB2-B2A9-976AF4B3C81F}.Debug|Any CPU.ActiveCfg = Debug|Any CPU
		{DDE61FAC-4F1B-4BB2-B2A9-976AF4B3C81F}.Debug|Any CPU.Build.0 = Debug|Any CPU
		{DDE61FAC-4F1B-4BB2-B2A9-976AF4B3C81F}.Release|Any CPU.ActiveCfg = Release|Any CPU
		{DDE61FAC-4F1B-4BB2-B2A9-976AF4B3C81F}.Release|Any CPU.Build.0 = Release|Any CPU
		{1AF71D44-AD06-4C9B-896B-FDEC862EE767}.Debug|Any CPU.ActiveCfg = Debug|Any CPU
		{1AF71D44-AD06-4C9B-896B-FDEC862EE767}.Debug|Any CPU.Build.0 = Debug|Any CPU
		{1AF71D44-AD06-4C9B-896B-FDEC862EE767}.Release|Any CPU.ActiveCfg = Release|Any CPU
		{1AF71D44-AD06-4C9B-896B-FDEC862EE767}.Release|Any CPU.Build.0 = Release|Any CPU
		{80F036E0-833B-46E8-9914-805B794A131E}.Debug|Any CPU.ActiveCfg = Debug|Any CPU
		{80F036E0-833B-46E8-9914-805B794A131E}.Debug|Any CPU.Build.0 = Debug|Any CPU
		{80F036E0-833B-46E8-9914-805B794A131E}.Release|Any CPU.ActiveCfg = Release|Any CPU
		{80F036E0-833B-46E8-9914-805B794A131E}.Release|Any CPU.Build.0 = Release|Any CPU
		{E9DBB7B5-B12A-45B2-8778-44B218EE72EA}.Debug|Any CPU.ActiveCfg = Debug|Any CPU
		{E9DBB7B5-B12A-45B2-8778-44B218EE72EA}.Debug|Any CPU.Build.0 = Debug|Any CPU
		{E9DBB7B5-B12A-45B2-8778-44B218EE72EA}.Release|Any CPU.ActiveCfg = Release|Any CPU
		{E9DBB7B5-B12A-45B2-8778-44B218EE72EA}.Release|Any CPU.Build.0 = Release|Any CPU
		{6E6894A8-0816-47A3-BBAC-92BEE51C6689}.Debug|Any CPU.ActiveCfg = Debug|Any CPU
		{6E6894A8-0816-47A3-BBAC-92BEE51C6689}.Debug|Any CPU.Build.0 = Debug|Any CPU
		{6E6894A8-0816-47A3-BBAC-92BEE51C6689}.Release|Any CPU.ActiveCfg = Release|Any CPU
		{6E6894A8-0816-47A3-BBAC-92BEE51C6689}.Release|Any CPU.Build.0 = Release|Any CPU
	EndGlobalSection
	GlobalSection(SolutionProperties) = preSolution
		HideSolutionNode = FALSE
	EndGlobalSection
	GlobalSection(ExtensibilityGlobals) = postSolution
		SolutionGuid = {DB957F6D-16AC-42E3-BA55-273780A0D2BF}
	EndGlobalSection
EndGlobal
