
Microsoft Visual Studio Solution File, Format Version 12.00
# Visual Studio Version 16
VisualStudioVersion = 16.0.30225.117
MinimumVisualStudioVersion = 10.0.40219.1
Project("{FAE04EC0-301F-11D3-BF4B-00C04F79EFBC}") = "Test", "Test\Test.csproj", "{AABC49F2-D2E8-40C9-9C3B-1BF6D512285B}"
EndProject
Project("{FAE04EC0-301F-11D3-BF4B-00C04F79EFBC}") = "RangeProgram", "RangeProgram\RangeProgram.csproj", "{31D20E45-4DF8-40D9-B673-7E2B87098629}"
EndProject
Global
	GlobalSection(SolutionConfigurationPlatforms) = preSolution
		Debug|Any CPU = Debug|Any CPU
		Release|Any CPU = Release|Any CPU
	EndGlobalSection
	GlobalSection(ProjectConfigurationPlatforms) = postSolution
		{AABC49F2-D2E8-40C9-9C3B-1BF6D512285B}.Debug|Any CPU.ActiveCfg = Debug|Any CPU
		{AABC49F2-D2E8-40C9-9C3B-1BF6D512285B}.Debug|Any CPU.Build.0 = Debug|Any CPU
		{AABC49F2-D2E8-40C9-9C3B-1BF6D512285B}.Release|Any CPU.ActiveCfg = Release|Any CPU
		{AABC49F2-D2E8-40C9-9C3B-1BF6D512285B}.Release|Any CPU.Build.0 = Release|Any CPU
		{31D20E45-4DF8-40D9-B673-7E2B87098629}.Debug|Any CPU.ActiveCfg = Debug|Any CPU
		{31D20E45-4DF8-40D9-B673-7E2B87098629}.Debug|Any CPU.Build.0 = Debug|Any CPU
		{31D20E45-4DF8-40D9-B673-7E2B87098629}.Release|Any CPU.ActiveCfg = Release|Any CPU
		{31D20E45-4DF8-40D9-B673-7E2B87098629}.Release|Any CPU.Build.0 = Release|Any CPU
	EndGlobalSection
	GlobalSection(SolutionProperties) = preSolution
		HideSolutionNode = FALSE
	EndGlobalSection
	GlobalSection(ExtensibilityGlobals) = postSolution
		SolutionGuid = {DB957F6D-16AC-42E3-BA55-273780A0D2BF}
	EndGlobalSection
EndGlobal
