
Microsoft Visual Studio Solution File, Format Version 12.00
# Visual Studio Version 16
VisualStudioVersion = 16.0.30225.117
MinimumVisualStudioVersion = 10.0.40219.1
Project("{FAE04EC0-301F-11D3-BF4B-00C04F79EFBC}") = "Test", "Test\Test.csproj", "{AABC49F2-D2E8-40C9-9C3B-1BF6D512285B}"
EndProject
Project("{FAE04EC0-301F-11D3-BF4B-00C04F79EFBC}") = "RangeProgram", "RangeProgram\RangeProgram.csproj", "{31D20E45-4DF8-40D9-B673-7E2B87098629}"
EndProject
Project("{FAE04EC0-301F-11D3-BF4B-00C04F79EFBC}") = "ArrayListHome", "ArrayListHome\ArrayListHome.csproj", "{DDE61FAC-4F1B-4BB2-B2A9-976AF4B3C81F}"
EndProject
Project("{FAE04EC0-301F-11D3-BF4B-00C04F79EFBC}") = "Csv", "Csv\Csv.csproj", "{1AF71D44-AD06-4C9B-896B-FDEC862EE767}"
EndProject
Project("{FAE04EC0-301F-11D3-BF4B-00C04F79EFBC}") = "ShapesMain", "ShapesMain\ShapesMain.csproj", "{80F036E0-833B-46E8-9914-805B794A131E}"
EndProject
Project("{FAE04EC0-301F-11D3-BF4B-00C04F79EFBC}") = "VectorMain", "VectorMain\VectorMain.csproj", "{E9DBB7B5-B12A-45B2-8778-44B218EE72EA}"
EndProject
Project("{FAE04EC0-301F-11D3-BF4B-00C04F79EFBC}") = "MatrixMain", "MatrixMain\MatrixMain.csproj", "{6E6894A8-0816-47A3-BBAC-92BEE51C6689}"
EndProject
Project("{FAE04EC0-301F-11D3-BF4B-00C04F79EFBC}") = "SinglyLinkedListMain", "ListMain\SinglyLinkedListMain.csproj", "{A11CD1A6-77B7-4A81-BD0A-5458496C400D}"
EndProject
Project("{FAE04EC0-301F-11D3-BF4B-00C04F79EFBC}") = "MyListMain", "MyListMain\MyListMain.csproj", "{D4487F30-4EE1-4C82-8732-15AFC63AD7DB}"
EndProject
Project("{FAE04EC0-301F-11D3-BF4B-00C04F79EFBC}") = "HashTableMain", "HashTableMain\HashTableMain.csproj", "{F627ABCC-1451-4BE9-94C4-14C301803D94}"
EndProject
Project("{FAE04EC0-301F-11D3-BF4B-00C04F79EFBC}") = "TreeMain", "TreeMain\TreeMain.csproj", "{8295F6AF-06CB-4148-A99E-E99536190B70}"
EndProject
Project("{FAE04EC0-301F-11D3-BF4B-00C04F79EFBC}") = "Graph", "Graph\Graph.csproj", "{E152638D-CDA1-472E-879D-B8C85498DEB7}"
EndProject
Project("{FAE04EC0-301F-11D3-BF4B-00C04F79EFBC}") = "Lambda", "Lambda\Lambda.csproj", "{55EA8633-D79B-4862-9265-85B5D7E0974F}"
EndProject
Project("{FAE04EC0-301F-11D3-BF4B-00C04F79EFBC}") = "TemperatureConverterMain", "TemperatureConverterMain\TemperatureConverterMain.csproj", "{4A253D9D-E28A-446F-A730-6ACB5E7DF21D}"
EndProject
Project("{FAE04EC0-301F-11D3-BF4B-00C04F79EFBC}") = "Minesweeper", "Minesweeper\Minesweeper.csproj", "{BBE87F41-24E2-4C77-AEEC-606E9E1B9B0E}"
EndProject
Global
	GlobalSection(SolutionConfigurationPlatforms) = preSolution
		Debug|Any CPU = Debug|Any CPU
		Release|Any CPU = Release|Any CPU
	EndGlobalSection
	GlobalSection(ProjectConfigurationPlatforms) = postSolution
		{AABC49F2-D2E8-40C9-9C3B-1BF6D512285B}.Debug|Any CPU.ActiveCfg = Debug|Any CPU
		{AABC49F2-D2E8-40C9-9C3B-1BF6D512285B}.Debug|Any CPU.Build.0 = Debug|Any CPU
		{AABC49F2-D2E8-40C9-9C3B-1BF6D512285B}.Release|Any CPU.ActiveCfg = Release|Any CPU
		{AABC49F2-D2E8-40C9-9C3B-1BF6D512285B}.Release|Any CPU.Build.0 = Release|Any CPU
		{31D20E45-4DF8-40D9-B673-7E2B87098629}.Debug|Any CPU.ActiveCfg = Debug|Any CPU
		{31D20E45-4DF8-40D9-B673-7E2B87098629}.Debug|Any CPU.Build.0 = Debug|Any CPU
		{31D20E45-4DF8-40D9-B673-7E2B87098629}.Release|Any CPU.ActiveCfg = Release|Any CPU
		{31D20E45-4DF8-40D9-B673-7E2B87098629}.Release|Any CPU.Build.0 = Release|Any CPU
		{DDE61FAC-4F1B-4BB2-B2A9-976AF4B3C81F}.Debug|Any CPU.ActiveCfg = Debug|Any CPU
		{DDE61FAC-4F1B-4BB2-B2A9-976AF4B3C81F}.Debug|Any CPU.Build.0 = Debug|Any CPU
		{DDE61FAC-4F1B-4BB2-B2A9-976AF4B3C81F}.Release|Any CPU.ActiveCfg = Release|Any CPU
		{DDE61FAC-4F1B-4BB2-B2A9-976AF4B3C81F}.Release|Any CPU.Build.0 = Release|Any CPU
		{1AF71D44-AD06-4C9B-896B-FDEC862EE767}.Debug|Any CPU.ActiveCfg = Debug|Any CPU
		{1AF71D44-AD06-4C9B-896B-FDEC862EE767}.Debug|Any CPU.Build.0 = Debug|Any CPU
		{1AF71D44-AD06-4C9B-896B-FDEC862EE767}.Release|Any CPU.ActiveCfg = Release|Any CPU
		{1AF71D44-AD06-4C9B-896B-FDEC862EE767}.Release|Any CPU.Build.0 = Release|Any CPU
		{80F036E0-833B-46E8-9914-805B794A131E}.Debug|Any CPU.ActiveCfg = Debug|Any CPU
		{80F036E0-833B-46E8-9914-805B794A131E}.Debug|Any CPU.Build.0 = Debug|Any CPU
		{80F036E0-833B-46E8-9914-805B794A131E}.Release|Any CPU.ActiveCfg = Release|Any CPU
		{80F036E0-833B-46E8-9914-805B794A131E}.Release|Any CPU.Build.0 = Release|Any CPU
		{E9DBB7B5-B12A-45B2-8778-44B218EE72EA}.Debug|Any CPU.ActiveCfg = Debug|Any CPU
		{E9DBB7B5-B12A-45B2-8778-44B218EE72EA}.Debug|Any CPU.Build.0 = Debug|Any CPU
		{E9DBB7B5-B12A-45B2-8778-44B218EE72EA}.Release|Any CPU.ActiveCfg = Release|Any CPU
		{E9DBB7B5-B12A-45B2-8778-44B218EE72EA}.Release|Any CPU.Build.0 = Release|Any CPU
		{6E6894A8-0816-47A3-BBAC-92BEE51C6689}.Debug|Any CPU.ActiveCfg = Debug|Any CPU
		{6E6894A8-0816-47A3-BBAC-92BEE51C6689}.Debug|Any CPU.Build.0 = Debug|Any CPU
		{6E6894A8-0816-47A3-BBAC-92BEE51C6689}.Release|Any CPU.ActiveCfg = Release|Any CPU
		{6E6894A8-0816-47A3-BBAC-92BEE51C6689}.Release|Any CPU.Build.0 = Release|Any CPU
		{A11CD1A6-77B7-4A81-BD0A-5458496C400D}.Debug|Any CPU.ActiveCfg = Debug|Any CPU
		{A11CD1A6-77B7-4A81-BD0A-5458496C400D}.Debug|Any CPU.Build.0 = Debug|Any CPU
		{A11CD1A6-77B7-4A81-BD0A-5458496C400D}.Release|Any CPU.ActiveCfg = Release|Any CPU
		{A11CD1A6-77B7-4A81-BD0A-5458496C400D}.Release|Any CPU.Build.0 = Release|Any CPU
		{D4487F30-4EE1-4C82-8732-15AFC63AD7DB}.Debug|Any CPU.ActiveCfg = Debug|Any CPU
		{D4487F30-4EE1-4C82-8732-15AFC63AD7DB}.Debug|Any CPU.Build.0 = Debug|Any CPU
		{D4487F30-4EE1-4C82-8732-15AFC63AD7DB}.Release|Any CPU.ActiveCfg = Release|Any CPU
		{D4487F30-4EE1-4C82-8732-15AFC63AD7DB}.Release|Any CPU.Build.0 = Release|Any CPU
		{F627ABCC-1451-4BE9-94C4-14C301803D94}.Debug|Any CPU.ActiveCfg = Debug|Any CPU
		{F627ABCC-1451-4BE9-94C4-14C301803D94}.Debug|Any CPU.Build.0 = Debug|Any CPU
		{F627ABCC-1451-4BE9-94C4-14C301803D94}.Release|Any CPU.ActiveCfg = Release|Any CPU
		{F627ABCC-1451-4BE9-94C4-14C301803D94}.Release|Any CPU.Build.0 = Release|Any CPU
		{8295F6AF-06CB-4148-A99E-E99536190B70}.Debug|Any CPU.ActiveCfg = Debug|Any CPU
		{8295F6AF-06CB-4148-A99E-E99536190B70}.Debug|Any CPU.Build.0 = Debug|Any CPU
		{8295F6AF-06CB-4148-A99E-E99536190B70}.Release|Any CPU.ActiveCfg = Release|Any CPU
		{8295F6AF-06CB-4148-A99E-E99536190B70}.Release|Any CPU.Build.0 = Release|Any CPU
		{E152638D-CDA1-472E-879D-B8C85498DEB7}.Debug|Any CPU.ActiveCfg = Debug|Any CPU
		{E152638D-CDA1-472E-879D-B8C85498DEB7}.Debug|Any CPU.Build.0 = Debug|Any CPU
		{E152638D-CDA1-472E-879D-B8C85498DEB7}.Release|Any CPU.ActiveCfg = Release|Any CPU
		{E152638D-CDA1-472E-879D-B8C85498DEB7}.Release|Any CPU.Build.0 = Release|Any CPU
		{55EA8633-D79B-4862-9265-85B5D7E0974F}.Debug|Any CPU.ActiveCfg = Debug|Any CPU
		{55EA8633-D79B-4862-9265-85B5D7E0974F}.Debug|Any CPU.Build.0 = Debug|Any CPU
		{55EA8633-D79B-4862-9265-85B5D7E0974F}.Release|Any CPU.ActiveCfg = Release|Any CPU
		{55EA8633-D79B-4862-9265-85B5D7E0974F}.Release|Any CPU.Build.0 = Release|Any CPU
		{4A253D9D-E28A-446F-A730-6ACB5E7DF21D}.Debug|Any CPU.ActiveCfg = Debug|Any CPU
		{4A253D9D-E28A-446F-A730-6ACB5E7DF21D}.Debug|Any CPU.Build.0 = Debug|Any CPU
		{4A253D9D-E28A-446F-A730-6ACB5E7DF21D}.Release|Any CPU.ActiveCfg = Release|Any CPU
		{4A253D9D-E28A-446F-A730-6ACB5E7DF21D}.Release|Any CPU.Build.0 = Release|Any CPU
		{BBE87F41-24E2-4C77-AEEC-606E9E1B9B0E}.Debug|Any CPU.ActiveCfg = Debug|Any CPU
		{BBE87F41-24E2-4C77-AEEC-606E9E1B9B0E}.Debug|Any CPU.Build.0 = Debug|Any CPU
		{BBE87F41-24E2-4C77-AEEC-606E9E1B9B0E}.Release|Any CPU.ActiveCfg = Release|Any CPU
		{BBE87F41-24E2-4C77-AEEC-606E9E1B9B0E}.Release|Any CPU.Build.0 = Release|Any CPU
	EndGlobalSection
	GlobalSection(SolutionProperties) = preSolution
		HideSolutionNode = FALSE
	EndGlobalSection
	GlobalSection(ExtensibilityGlobals) = postSolution
		SolutionGuid = {DB957F6D-16AC-42E3-BA55-273780A0D2BF}
	EndGlobalSection
EndGlobal
